
Microsoft Visual Studio Solution File, Format Version 12.00
# Visual Studio Version 16
VisualStudioVersion = 16.0.29806.167
MinimumVisualStudioVersion = 10.0.40219.1
Project("{FAE04EC0-301F-11D3-BF4B-00C04F79EFBC}") = "WF_CEP", "WF_CEP\WF_CEP.csproj", "{3DC20080-E880-4698-AB46-B9A04A776868}"
EndProject
Global
	GlobalSection(SolutionConfigurationPlatforms) = preSolution
		Debug|Any CPU = Debug|Any CPU
		Release|Any CPU = Release|Any CPU
	EndGlobalSection
	GlobalSection(ProjectConfigurationPlatforms) = postSolution
		{3DC20080-E880-4698-AB46-B9A04A776868}.Debug|Any CPU.ActiveCfg = Debug|Any CPU
		{3DC20080-E880-4698-AB46-B9A04A776868}.Debug|Any CPU.Build.0 = Debug|Any CPU
		{3DC20080-E880-4698-AB46-B9A04A776868}.Release|Any CPU.ActiveCfg = Release|Any CPU
		{3DC20080-E880-4698-AB46-B9A04A776868}.Release|Any CPU.Build.0 = Release|Any CPU
	EndGlobalSection
	GlobalSection(SolutionProperties) = preSolution
		HideSolutionNode = FALSE
	EndGlobalSection
	GlobalSection(ExtensibilityGlobals) = postSolution
		SolutionGuid = {AE8E943A-A7C6-42C9-8159-B810709BF5CD}
	EndGlobalSection
EndGlobal
